
Microsoft Visual Studio Solution File, Format Version 12.00
# Visual Studio Version 17
VisualStudioVersion = 17.13.35825.156
MinimumVisualStudioVersion = 10.0.40219.1
Project("{FAE04EC0-301F-11D3-BF4B-00C04F79EFBC}") = "CarApp", "CarApp\CarApp.csproj", "{F1393CB4-BB45-493F-A6B2-BEBFF2AF582C}"
EndProject
Project("{2150E333-8FDC-42A3-9474-1A3956D46DE8}") = "Solution Items", "Solution Items", "{8EC462FD-D22E-90A8-E5CE-7E832BA40C5D}"
	ProjectSection(SolutionItems) = preProject
		..\.gitignore = ..\.gitignore
	EndProjectSection
EndProject
Project("{FAE04EC0-301F-11D3-BF4B-00C04F79EFBC}") = "TestProject1", "TestProject1\TestProject1.csproj", "{320D4237-AFA8-4F32-8127-6257E72D2DB5}"
EndProject
Global
	GlobalSection(SolutionConfigurationPlatforms) = preSolution
		Debug|Any CPU = Debug|Any CPU
		Release|Any CPU = Release|Any CPU
	EndGlobalSection
	GlobalSection(ProjectConfigurationPlatforms) = postSolution
		{F1393CB4-BB45-493F-A6B2-BEBFF2AF582C}.Debug|Any CPU.ActiveCfg = Debug|Any CPU
		{F1393CB4-BB45-493F-A6B2-BEBFF2AF582C}.Debug|Any CPU.Build.0 = Debug|Any CPU
		{F1393CB4-BB45-493F-A6B2-BEBFF2AF582C}.Release|Any CPU.ActiveCfg = Release|Any CPU
		{F1393CB4-BB45-493F-A6B2-BEBFF2AF582C}.Release|Any CPU.Build.0 = Release|Any CPU
		{320D4237-AFA8-4F32-8127-6257E72D2DB5}.Debug|Any CPU.ActiveCfg = Debug|Any CPU
		{320D4237-AFA8-4F32-8127-6257E72D2DB5}.Debug|Any CPU.Build.0 = Debug|Any CPU
		{320D4237-AFA8-4F32-8127-6257E72D2DB5}.Release|Any CPU.ActiveCfg = Release|Any CPU
		{320D4237-AFA8-4F32-8127-6257E72D2DB5}.Release|Any CPU.Build.0 = Release|Any CPU
	EndGlobalSection
	GlobalSection(SolutionProperties) = preSolution
		HideSolutionNode = FALSE
	EndGlobalSection
	GlobalSection(ExtensibilityGlobals) = postSolution
		SolutionGuid = {BF540C69-80A3-460C-A98C-4D73BC568682}
	EndGlobalSection
EndGlobal
